
Microsoft Visual Studio Solution File, Format Version 12.00
# Visual Studio Version 16
VisualStudioVersion = 16.0.30002.166
MinimumVisualStudioVersion = 10.0.40219.1
Project("{FAE04EC0-301F-11D3-BF4B-00C04F79EFBC}") = "ConsoleGuessNumberQuadax", "ConsoleGuessNumberQuadax\ConsoleGuessNumberQuadax.csproj", "{EE69CC40-115E-4B10-8624-DFEC9714FC31}"
EndProject
Global
	GlobalSection(SolutionConfigurationPlatforms) = preSolution
		Debug|Any CPU = Debug|Any CPU
		Release|Any CPU = Release|Any CPU
	EndGlobalSection
	GlobalSection(ProjectConfigurationPlatforms) = postSolution
		{EE69CC40-115E-4B10-8624-DFEC9714FC31}.Debug|Any CPU.ActiveCfg = Debug|Any CPU
		{EE69CC40-115E-4B10-8624-DFEC9714FC31}.Debug|Any CPU.Build.0 = Debug|Any CPU
		{EE69CC40-115E-4B10-8624-DFEC9714FC31}.Release|Any CPU.ActiveCfg = Release|Any CPU
		{EE69CC40-115E-4B10-8624-DFEC9714FC31}.Release|Any CPU.Build.0 = Release|Any CPU
	EndGlobalSection
	GlobalSection(SolutionProperties) = preSolution
		HideSolutionNode = FALSE
	EndGlobalSection
	GlobalSection(ExtensibilityGlobals) = postSolution
		SolutionGuid = {1D26AFAB-FED1-4B38-9B4A-9BCB16A6A15D}
	EndGlobalSection
EndGlobal
